
Microsoft Visual Studio Solution File, Format Version 12.00
# Visual Studio Version 16
VisualStudioVersion = 16.0.31129.286
MinimumVisualStudioVersion = 10.0.40219.1
Project("{FAE04EC0-301F-11D3-BF4B-00C04F79EFBC}") = "Minesweeper", "Minesweeper\Minesweeper.csproj", "{818D6E24-C12F-45E6-85BF-4BFD79434D1B}"
EndProject
Global
	GlobalSection(SolutionConfigurationPlatforms) = preSolution
		Debug|Any CPU = Debug|Any CPU
		Release|Any CPU = Release|Any CPU
	EndGlobalSection
	GlobalSection(ProjectConfigurationPlatforms) = postSolution
		{818D6E24-C12F-45E6-85BF-4BFD79434D1B}.Debug|Any CPU.ActiveCfg = Debug|Any CPU
		{818D6E24-C12F-45E6-85BF-4BFD79434D1B}.Debug|Any CPU.Build.0 = Debug|Any CPU
		{818D6E24-C12F-45E6-85BF-4BFD79434D1B}.Release|Any CPU.ActiveCfg = Release|Any CPU
		{818D6E24-C12F-45E6-85BF-4BFD79434D1B}.Release|Any CPU.Build.0 = Release|Any CPU
	EndGlobalSection
	GlobalSection(SolutionProperties) = preSolution
		HideSolutionNode = FALSE
	EndGlobalSection
	GlobalSection(ExtensibilityGlobals) = postSolution
		SolutionGuid = {FBCA59F1-3CE2-429F-90CB-CB71F61F2C16}
	EndGlobalSection
EndGlobal
